# This file is autogenerated, do not edit; changes may be undone by the next 'dep ensure'.


[[projects]]
  name = "github.com/confluentinc/confluent-kafka-go"
  packages = ["kafka"]
  revision = "a9b5c269c66e9a2eb5f195563b2f01e65a84c527"
  version = "v0.9.4"

[[projects]]
  name = "github.com/pkg/errors"
  packages = ["."]
  revision = "645ef00459ed84a119197bfb8d8205042c6df63d"
  version = "v0.8.0"

[solve-meta]
  analyzer-name = "dep"
  analyzer-version = 1
  inputs-digest = "82ad9bc6bf775e25aab52302917771d74c315888003063e7a9f8c8dcc096310e"
  solver-name = "gps-cdcl"
  solver-version = 1
